# This file is generated by running "yarn install" inside your project.
# Manual changes might be lost - proceed with caution!

__metadata:
  version: 8
  cacheKey: 10c0

"csv-generate@npm:^4.3.1":
  version: 4.3.1
  resolution: "csv-generate@npm:4.3.1"
  checksum: 01c78a407e8ad7a82b43ecbec21bc2a4cf76d3ad9970eb503ff00b97912b9fcb3c562868e8381b87c4d23fa356116f9cb9189d8d5b6f2e981863f413238030f3
  languageName: node
  linkType: hard

"csv-parse@npm:^5.5.3":
  version: 5.5.3
  resolution: "csv-parse@npm:5.5.3"
  checksum: 2f85cd52ea11b08d85cb97a1c90db6ed52f9d3c4e3805831da8c59c589e04870adff067ac88855deb9863a16649b3827a1ed576fd021bdf3937b1cf4de8a03ba
  languageName: node
  linkType: hard

"csv-stringify@npm:^6.4.5":
  version: 6.4.5
  resolution: "csv-stringify@npm:6.4.5"
  checksum: 60ea8ce0306531665a42c1b9f8faa68eb166d31f29d5a8074baf033ea612cafa56a55a7dc0fe80d2d62106e822bf31faa04b531876d4725308d09fa89e6e07da
  languageName: node
  linkType: hard

"csv-to-freeagent@workspace:.":
  version: 0.0.0-use.local
  resolution: "csv-to-freeagent@workspace:."
  dependencies:
    csv: "npm:^6.3.6"
    yargs-parser: "npm:^21.1.1"
  languageName: unknown
  linkType: soft

"csv@npm:^6.3.6":
  version: 6.3.6
  resolution: "csv@npm:6.3.6"
  dependencies:
    csv-generate: "npm:^4.3.1"
    csv-parse: "npm:^5.5.3"
    csv-stringify: "npm:^6.4.5"
    stream-transform: "npm:^3.3.0"
  checksum: c618da60311360c27405a7e8ef2f767817b63c5b7da382a6a0f6408350ff83aaa15a0b8348cf0a33ba02f8f206f8818e1682fb116b8a94051fb93e61b0c0be44
  languageName: node
  linkType: hard

"stream-transform@npm:^3.3.0":
  version: 3.3.0
  resolution: "stream-transform@npm:3.3.0"
  checksum: 49155c454754a4c9c82898b09857675fdd6fd1abe61248762558d475d37ec31de16a76c55b787f785e5378c2cc04a28330e76a5f9867e7d7067be73c3b7fcc71
  languageName: node
  linkType: hard

"yargs-parser@npm:^21.1.1":
  version: 21.1.1
  resolution: "yargs-parser@npm:21.1.1"
  checksum: f84b5e48169479d2f402239c59f084cfd1c3acc197a05c59b98bab067452e6b3ea46d4dd8ba2985ba7b3d32a343d77df0debd6b343e5dae3da2aab2cdf5886b2
  languageName: node
  linkType: hard
